
Microsoft Visual Studio Solution File, Format Version 12.00
Project("{FAE04EC0-301F-11D3-BF4B-00C04F79EFBC}") = "HttpCatApp", "HttpCatApp.csproj", "{19923AC5-F11F-41F1-AF44-940AD8E211D5}"
EndProject
Global
	GlobalSection(SolutionConfigurationPlatforms) = preSolution
		Debug|Any CPU = Debug|Any CPU
		Release|Any CPU = Release|Any CPU
	EndGlobalSection
	GlobalSection(ProjectConfigurationPlatforms) = postSolution
		{19923AC5-F11F-41F1-AF44-940AD8E211D5}.Debug|Any CPU.ActiveCfg = Debug|Any CPU
		{19923AC5-F11F-41F1-AF44-940AD8E211D5}.Debug|Any CPU.Build.0 = Debug|Any CPU
		{19923AC5-F11F-41F1-AF44-940AD8E211D5}.Release|Any CPU.ActiveCfg = Release|Any CPU
		{19923AC5-F11F-41F1-AF44-940AD8E211D5}.Release|Any CPU.Build.0 = Release|Any CPU
	EndGlobalSection
EndGlobal
